// !$*UTF8*$!
{
	archiveVersion = 1;
	classes = {
	};
	objectVersion = 50;
	objects = {

/* Begin PBXBuildFile section */
		3CFF892726F9C77C00B85220 /* AppDelegate.swift in Sources */ = {isa = PBXBuildFile; fileRef = 3CFF892626F9C77C00B85220 /* AppDelegate.swift */; };
		3CFF892926F9C77C00B85220 /* SceneDelegate.swift in Sources */ = {isa = PBXBuildFile; fileRef = 3CFF892826F9C77C00B85220 /* SceneDelegate.swift */; };
		3CFF892B26F9C77C00B85220 /* ViewController.swift in Sources */ = {isa = PBXBuildFile; fileRef = 3CFF892A26F9C77C00B85220 /* ViewController.swift */; };
		3CFF892E26F9C77C00B85220 /* Main.storyboard in Resources */ = {isa = PBXBuildFile; fileRef = 3CFF892C26F9C77C00B85220 /* Main.storyboard */; };
		3CFF893026F9C77E00B85220 /* Assets.xcassets in Resources */ = {isa = PBXBuildFile; fileRef = 3CFF892F26F9C77E00B85220 /* Assets.xcassets */; };
		3CFF893326F9C77E00B85220 /* LaunchScreen.storyboard in Resources */ = {isa = PBXBuildFile; fileRef = 3CFF893126F9C77E00B85220 /* LaunchScreen.storyboard */; };
		3CFF893E26F9C77E00B85220 /* Egg_TimerTests.swift in Sources */ = {isa = PBXBuildFile; fileRef = 3CFF893D26F9C77E00B85220 /* Egg_TimerTests.swift */; };
		3CFF894926F9C77E00B85220 /* Egg_TimerUITests.swift in Sources */ = {isa = PBXBuildFile; fileRef = 3CFF894826F9C77E00B85220 /* Egg_TimerUITests.swift */; };
/* End PBXBuildFile section */

/* Begin PBXContainerItemProxy section */
		3CFF893A26F9C77E00B85220 /* PBXContainerItemProxy */ = {
			isa = PBXContainerItemProxy;
			containerPortal = 3CFF891B26F9C77C00B85220 /* Project object */;
			proxyType = 1;
			remoteGlobalIDString = 3CFF892226F9C77C00B85220;
			remoteInfo = "Egg Timer";
		};
		3CFF894526F9C77E00B85220 /* PBXContainerItemProxy */ = {
			isa = PBXContainerItemProxy;
			containerPortal = 3CFF891B26F9C77C00B85220 /* Project object */;
			proxyType = 1;
			remoteGlobalIDString = 3CFF892226F9C77C00B85220;
			remoteInfo = "Egg Timer";
		};
/* End PBXContainerItemProxy section */

/* Begin PBXFileReference section */
		3CFF892326F9C77C00B85220 /* Egg Timer.app */ = {isa = PBXFileReference; explicitFileType = wrapper.application; includeInIndex = 0; path = "Egg Timer.app"; sourceTree = BUILT_PRODUCTS_DIR; };
		3CFF892626F9C77C00B85220 /* AppDelegate.swift */ = {isa = PBXFileReference; lastKnownFileType = sourcecode.swift; path = AppDelegate.swift; sourceTree = "<group>"; };
		3CFF892826F9C77C00B85220 /* SceneDelegate.swift */ = {isa = PBXFileReference; lastKnownFileType = sourcecode.swift; path = SceneDelegate.swift; sourceTree = "<group>"; };
		3CFF892A26F9C77C00B85220 /* ViewController.swift */ = {isa = PBXFileReference; lastKnownFileType = sourcecode.swift; path = ViewController.swift; sourceTree = "<group>"; };
		3CFF892D26F9C77C00B85220 /* Base */ = {isa = PBXFileReference; lastKnownFileType = file.storyboard; name = Base; path = Base.lproj/Main.storyboard; sourceTree = "<group>"; };
		3CFF892F26F9C77E00B85220 /* Assets.xcassets */ = {isa = PBXFileReference; lastKnownFileType = folder.assetcatalog; path = Assets.xcassets; sourceTree = "<group>"; };
		3CFF893226F9C77E00B85220 /* Base */ = {isa = PBXFileReference; lastKnownFileType = file.storyboard; name = Base; path = Base.lproj/LaunchScreen.storyboard; sourceTree = "<group>"; };
		3CFF893426F9C77E00B85220 /* Info.plist */ = {isa = PBXFileReference; lastKnownFileType = text.plist.xml; path = Info.plist; sourceTree = "<group>"; };
		3CFF893926F9C77E00B85220 /* Egg TimerTests.xctest */ = {isa = PBXFileReference; explicitFileType = wrapper.cfbundle; includeInIndex = 0; path = "Egg TimerTests.xctest"; sourceTree = BUILT_PRODUCTS_DIR; };
		3CFF893D26F9C77E00B85220 /* Egg_TimerTests.swift */ = {isa = PBXFileReference; lastKnownFileType = sourcecode.swift; path = Egg_TimerTests.swift; sourceTree = "<group>"; };
		3CFF893F26F9C77E00B85220 /* Info.plist */ = {isa = PBXFileReference; lastKnownFileType = text.plist.xml; path = Info.plist; sourceTree = "<group>"; };
		3CFF894426F9C77E00B85220 /* Egg TimerUITests.xctest */ = {isa = PBXFileReference; explicitFileType = wrapper.cfbundle; includeInIndex = 0; path = "Egg TimerUITests.xctest"; sourceTree = BUILT_PRODUCTS_DIR; };
		3CFF894826F9C77E00B85220 /* Egg_TimerUITests.swift */ = {isa = PBXFileReference; lastKnownFileType = sourcecode.swift; path = Egg_TimerUITests.swift; sourceTree = "<group>"; };
		3CFF894A26F9C77E00B85220 /* Info.plist */ = {isa = PBXFileReference; lastKnownFileType = text.plist.xml; path = Info.plist; sourceTree = "<group>"; };
/* End PBXFileReference section */

/* Begin PBXFrameworksBuildPhase section */
		3CFF892026F9C77C00B85220 /* Frameworks */ = {
			isa = PBXFrameworksBuildPhase;
			buildActionMask = 2147483647;
			files = (
			);
			runOnlyForDeploymentPostprocessing = 0;
		};
		3CFF893626F9C77E00B85220 /* Frameworks */ = {
			isa = PBXFrameworksBuildPhase;
			buildActionMask = 2147483647;
			files = (
			);
			runOnlyForDeploymentPostprocessing = 0;
		};
		3CFF894126F9C77E00B85220 /* Frameworks */ = {
			isa = PBXFrameworksBuildPhase;
			buildActionMask = 2147483647;
			files = (
			);
			runOnlyForDeploymentPostprocessing = 0;
		};
/* End PBXFrameworksBuildPhase section */

/* Begin PBXGroup section */
		3CFF891A26F9C77C00B85220 = {
			isa = PBXGroup;
			children = (
				3CFF892526F9C77C00B85220 /* Egg Timer */,
				3CFF893C26F9C77E00B85220 /* Egg TimerTests */,
				3CFF894726F9C77E00B85220 /* Egg TimerUITests */,
				3CFF892426F9C77C00B85220 /* Products */,
			);
			sourceTree = "<group>";
		};
		3CFF892426F9C77C00B85220 /* Products */ = {
			isa = PBXGroup;
			children = (
				3CFF892326F9C77C00B85220 /* Egg Timer.app */,
				3CFF893926F9C77E00B85220 /* Egg TimerTests.xctest */,
				3CFF894426F9C77E00B85220 /* Egg TimerUITests.xctest */,
			);
			name = Products;
			sourceTree = "<group>";
		};
		3CFF892526F9C77C00B85220 /* Egg Timer */ = {
			isa = PBXGroup;
			children = (
				3CFF892626F9C77C00B85220 /* AppDelegate.swift */,
				3CFF892826F9C77C00B85220 /* SceneDelegate.swift */,
				3CFF892A26F9C77C00B85220 /* ViewController.swift */,
				3CFF892C26F9C77C00B85220 /* Main.storyboard */,
				3CFF892F26F9C77E00B85220 /* Assets.xcassets */,
				3CFF893126F9C77E00B85220 /* LaunchScreen.storyboard */,
				3CFF893426F9C77E00B85220 /* Info.plist */,
			);
			path = "Egg Timer";
			sourceTree = "<group>";
		};
		3CFF893C26F9C77E00B85220 /* Egg TimerTests */ = {
			isa = PBXGroup;
			children = (
				3CFF893D26F9C77E00B85220 /* Egg_TimerTests.swift */,
				3CFF893F26F9C77E00B85220 /* Info.plist */,
			);
			path = "Egg TimerTests";
			sourceTree = "<group>";
		};
		3CFF894726F9C77E00B85220 /* Egg TimerUITests */ = {
			isa = PBXGroup;
			children = (
				3CFF894826F9C77E00B85220 /* Egg_TimerUITests.swift */,
				3CFF894A26F9C77E00B85220 /* Info.plist */,
			);
			path = "Egg TimerUITests";
			sourceTree = "<group>";
		};
/* End PBXGroup section */

/* Begin PBXNativeTarget section */
		3CFF892226F9C77C00B85220 /* Egg Timer */ = {
			isa = PBXNativeTarget;
			buildConfigurationList = 3CFF894D26F9C77E00B85220 /* Build configuration list for PBXNativeTarget "Egg Timer" */;
			buildPhases = (
				3CFF891F26F9C77C00B85220 /* Sources */,
				3CFF892026F9C77C00B85220 /* Frameworks */,
				3CFF892126F9C77C00B85220 /* Resources */,
			);
			buildRules = (
			);
			dependencies = (
			);
			name = "Egg Timer";
			productName = "Egg Timer";
			productReference = 3CFF892326F9C77C00B85220 /* Egg Timer.app */;
			productType = "com.apple.product-type.application";
		};
		3CFF893826F9C77E00B85220 /* Egg TimerTests */ = {
			isa = PBXNativeTarget;
			buildConfigurationList = 3CFF895026F9C77E00B85220 /* Build configuration list for PBXNativeTarget "Egg TimerTests" */;
			buildPhases = (
				3CFF893526F9C77E00B85220 /* Sources */,
				3CFF893626F9C77E00B85220 /* Frameworks */,
				3CFF893726F9C77E00B85220 /* Resources */,
			);
			buildRules = (
			);
			dependencies = (
				3CFF893B26F9C77E00B85220 /* PBXTargetDependency */,
			);
			name = "Egg TimerTests";
			productName = "Egg TimerTests";
			productReference = 3CFF893926F9C77E00B85220 /* Egg TimerTests.xctest */;
			productType = "com.apple.product-type.bundle.unit-test";
		};
		3CFF894326F9C77E00B85220 /* Egg TimerUITests */ = {
			isa = PBXNativeTarget;
			buildConfigurationList = 3CFF895326F9C77E00B85220 /* Build configuration list for PBXNativeTarget "Egg TimerUITests" */;
			buildPhases = (
				3CFF894026F9C77E00B85220 /* Sources */,
				3CFF894126F9C77E00B85220 /* Frameworks */,
				3CFF894226F9C77E00B85220 /* Resources */,
			);
			buildRules = (
			);
			dependencies = (
				3CFF894626F9C77E00B85220 /* PBXTargetDependency */,
			);
			name = "Egg TimerUITests";
			productName = "Egg TimerUITests";
			productReference = 3CFF894426F9C77E00B85220 /* Egg TimerUITests.xctest */;
			productType = "com.apple.product-type.bundle.ui-testing";
		};
/* End PBXNativeTarget section */

/* Begin PBXProject section */
		3CFF891B26F9C77C00B85220 /* Project object */ = {
			isa = PBXProject;
			attributes = {
				LastSwiftUpdateCheck = 1250;
				LastUpgradeCheck = 1250;
				TargetAttributes = {
					3CFF892226F9C77C00B85220 = {
						CreatedOnToolsVersion = 12.5.1;
					};
					3CFF893826F9C77E00B85220 = {
						CreatedOnToolsVersion = 12.5.1;
						TestTargetID = 3CFF892226F9C77C00B85220;
					};
					3CFF894326F9C77E00B85220 = {
						CreatedOnToolsVersion = 12.5.1;
						TestTargetID = 3CFF892226F9C77C00B85220;
					};
				};
			};
			buildConfigurationList = 3CFF891E26F9C77C00B85220 /* Build configuration list for PBXProject "Egg Timer" */;
			compatibilityVersion = "Xcode 9.3";
			developmentRegion = en;
			hasScannedForEncodings = 0;
			knownRegions = (
				en,
				Base,
			);
			mainGroup = 3CFF891A26F9C77C00B85220;
			productRefGroup = 3CFF892426F9C77C00B85220 /* Products */;
			projectDirPath = "";
			projectRoot = "";
			targets = (
				3CFF892226F9C77C00B85220 /* Egg Timer */,
				3CFF893826F9C77E00B85220 /* Egg TimerTests */,
				3CFF894326F9C77E00B85220 /* Egg TimerUITests */,
			);
		};
/* End PBXProject section */

/* Begin PBXResourcesBuildPhase section */
		3CFF892126F9C77C00B85220 /* Resources */ = {
			isa = PBXResourcesBuildPhase;
			buildActionMask = 2147483647;
			files = (
				3CFF893326F9C77E00B85220 /* LaunchScreen.storyboard in Resources */,
				3CFF893026F9C77E00B85220 /* Assets.xcassets in Resources */,
				3CFF892E26F9C77C00B85220 /* Main.storyboard in Resources */,
			);
			runOnlyForDeploymentPostprocessing = 0;
		};
		3CFF893726F9C77E00B85220 /* Resources */ = {
			isa = PBXResourcesBuildPhase;
			buildActionMask = 2147483647;
			files = (
			);
			runOnlyForDeploymentPostprocessing = 0;
		};
		3CFF894226F9C77E00B85220 /* Resources */ = {
			isa = PBXResourcesBuildPhase;
			buildActionMask = 2147483647;
			files = (
			);
			runOnlyForDeploymentPostprocessing = 0;
		};
/* End PBXResourcesBuildPhase section */

/* Begin PBXSourcesBuildPhase section */
		3CFF891F26F9C77C00B85220 /* Sources */ = {
			isa = PBXSourcesBuildPhase;
			buildActionMask = 2147483647;
			files = (
				3CFF892B26F9C77C00B85220 /* ViewController.swift in Sources */,
				3CFF892726F9C77C00B85220 /* AppDelegate.swift in Sources */,
				3CFF892926F9C77C00B85220 /* SceneDelegate.swift in Sources */,
			);
			runOnlyForDeploymentPostprocessing = 0;
		};
		3CFF893526F9C77E00B85220 /* Sources */ = {
			isa = PBXSourcesBuildPhase;
			buildActionMask = 2147483647;
			files = (
				3CFF893E26F9C77E00B85220 /* Egg_TimerTests.swift in Sources */,
			);
			runOnlyForDeploymentPostprocessing = 0;
		};
		3CFF894026F9C77E00B85220 /* Sources */ = {
			isa = PBXSourcesBuildPhase;
			buildActionMask = 2147483647;
			files = (
				3CFF894926F9C77E00B85220 /* Egg_TimerUITests.swift in Sources */,
			);
			runOnlyForDeploymentPostprocessing = 0;
		};
/* End PBXSourcesBuildPhase section */

/* Begin PBXTargetDependency section */
		3CFF893B26F9C77E00B85220 /* PBXTargetDependency */ = {
			isa = PBXTargetDependency;
			target = 3CFF892226F9C77C00B85220 /* Egg Timer */;
			targetProxy = 3CFF893A26F9C77E00B85220 /* PBXContainerItemProxy */;
		};
		3CFF894626F9C77E00B85220 /* PBXTargetDependency */ = {
			isa = PBXTargetDependency;
			target = 3CFF892226F9C77C00B85220 /* Egg Timer */;
			targetProxy = 3CFF894526F9C77E00B85220 /* PBXContainerItemProxy */;
		};
/* End PBXTargetDependency section */

/* Begin PBXVariantGroup section */
		3CFF892C26F9C77C00B85220 /* Main.storyboard */ = {
			isa = PBXVariantGroup;
			children = (
				3CFF892D26F9C77C00B85220 /* Base */,
			);
			name = Main.storyboard;
			sourceTree = "<group>";
		};
		3CFF893126F9C77E00B85220 /* LaunchScreen.storyboard */ = {
			isa = PBXVariantGroup;
			children = (
				3CFF893226F9C77E00B85220 /* Base */,
			);
			name = LaunchScreen.storyboard;
			sourceTree = "<group>";
		};
/* End PBXVariantGroup section */

/* Begin XCBuildConfiguration section */
		3CFF894B26F9C77E00B85220 /* Debug */ = {
			isa = XCBuildConfiguration;
			buildSettings = {
				ALWAYS_SEARCH_USER_PATHS = NO;
				CLANG_ANALYZER_NONNULL = YES;
				CLANG_ANALYZER_NUMBER_OBJECT_CONVERSION = YES_AGGRESSIVE;
				CLANG_CXX_LANGUAGE_STANDARD = "gnu++14";
				CLANG_CXX_LIBRARY = "libc++";
				CLANG_ENABLE_MODULES = YES;
				CLANG_ENABLE_OBJC_ARC = YES;
				CLANG_ENABLE_OBJC_WEAK = YES;
				CLANG_WARN_BLOCK_CAPTURE_AUTORELEASING = YES;
				CLANG_WARN_BOOL_CONVERSION = YES;
				CLANG_WARN_COMMA = YES;
				CLANG_WARN_CONSTANT_CONVERSION = YES;
				CLANG_WARN_DEPRECATED_OBJC_IMPLEMENTATIONS = YES;
				CLANG_WARN_DIRECT_OBJC_ISA_USAGE = YES_ERROR;
				CLANG_WARN_DOCUMENTATION_COMMENTS = YES;
				CLANG_WARN_EMPTY_BODY = YES;
				CLANG_WARN_ENUM_CONVERSION = YES;
				CLANG_WARN_INFINITE_RECURSION = YES;
				CLANG_WARN_INT_CONVERSION = YES;
				CLANG_WARN_NON_LITERAL_NULL_CONVERSION = YES;
				CLANG_WARN_OBJC_IMPLICIT_RETAIN_SELF = YES;
				CLANG_WARN_OBJC_LITERAL_CONVERSION = YES;
				CLANG_WARN_OBJC_ROOT_CLASS = YES_ERROR;
				CLANG_WARN_QUOTED_INCLUDE_IN_FRAMEWORK_HEADER = YES;
				CLANG_WARN_RANGE_LOOP_ANALYSIS = YES;
				CLANG_WARN_STRICT_PROTOTYPES = YES;
				CLANG_WARN_SUSPICIOUS_MOVE = YES;
				CLANG_WARN_UNGUARDED_AVAILABILITY = YES_AGGRESSIVE;
				CLANG_WARN_UNREACHABLE_CODE = YES;
				CLANG_WARN__DUPLICATE_METHOD_MATCH = YES;
				COPY_PHASE_STRIP = NO;
				DEBUG_INFORMATION_FORMAT = dwarf;
				ENABLE_STRICT_OBJC_MSGSEND = YES;
				ENABLE_TESTABILITY = YES;
				GCC_C_LANGUAGE_STANDARD = gnu11;
				GCC_DYNAMIC_NO_PIC = NO;
				GCC_NO_COMMON_BLOCKS = YES;
				GCC_OPTIMIZATION_LEVEL = 0;
				GCC_PREPROCESSOR_DEFINITIONS = (
					"DEBUG=1",
					"$(inherited)",
				);
				GCC_WARN_64_TO_32_BIT_CONVERSION = YES;
				GCC_WARN_ABOUT_RETURN_TYPE = YES_ERROR;
				GCC_WARN_UNDECLARED_SELECTOR = YES;
				GCC_WARN_UNINITIALIZED_AUTOS = YES_AGGRESSIVE;
				GCC_WARN_UNUSED_FUNCTION = YES;
				GCC_WARN_UNUSED_VARIABLE = YES;
				IPHONEOS_DEPLOYMENT_TARGET = 14.5;
				MTL_ENABLE_DEBUG_INFO = INCLUDE_SOURCE;
				MTL_FAST_MATH = YES;
				ONLY_ACTIVE_ARCH = YES;
				SDKROOT = iphoneos;
				SWIFT_ACTIVE_COMPILATION_CONDITIONS = DEBUG;
				SWIFT_OPTIMIZATION_LEVEL = "-Onone";
			};
			name = Debug;
		};
		3CFF894C26F9C77E00B85220 /* Release */ = {
			isa = XCBuildConfiguration;
			buildSettings = {
				ALWAYS_SEARCH_USER_PATHS = NO;
				CLANG_ANALYZER_NONNULL = YES;
				CLANG_ANALYZER_NUMBER_OBJECT_CONVERSION = YES_AGGRESSIVE;
				CLANG_CXX_LANGUAGE_STANDARD = "gnu++14";
				CLANG_CXX_LIBRARY = "libc++";
				CLANG_ENABLE_MODULES = YES;
				CLANG_ENABLE_OBJC_ARC = YES;
				CLANG_ENABLE_OBJC_WEAK = YES;
				CLANG_WARN_BLOCK_CAPTURE_AUTORELEASING = YES;
				CLANG_WARN_BOOL_CONVERSION = YES;
				CLANG_WARN_COMMA = YES;
				CLANG_WARN_CONSTANT_CONVERSION = YES;
				CLANG_WARN_DEPRECATED_OBJC_IMPLEMENTATIONS = YES;
				CLANG_WARN_DIRECT_OBJC_ISA_USAGE = YES_ERROR;
				CLANG_WARN_DOCUMENTATION_COMMENTS = YES;
				CLANG_WARN_EMPTY_BODY = YES;
				CLANG_WARN_ENUM_CONVERSION = YES;
				CLANG_WARN_INFINITE_RECURSION = YES;
				CLANG_WARN_INT_CONVERSION = YES;
				CLANG_WARN_NON_LITERAL_NULL_CONVERSION = YES;
				CLANG_WARN_OBJC_IMPLICIT_RETAIN_SELF = YES;
				CLANG_WARN_OBJC_LITERAL_CONVERSION = YES;
				CLANG_WARN_OBJC_ROOT_CLASS = YES_ERROR;
				CLANG_WARN_QUOTED_INCLUDE_IN_FRAMEWORK_HEADER = YES;
				CLANG_WARN_RANGE_LOOP_ANALYSIS = YES;
				CLANG_WARN_STRICT_PROTOTYPES = YES;
				CLANG_WARN_SUSPICIOUS_MOVE = YES;
				CLANG_WARN_UNGUARDED_AVAILABILITY = YES_AGGRESSIVE;
				CLANG_WARN_UNREACHABLE_CODE = YES;
				CLANG_WARN__DUPLICATE_METHOD_MATCH = YES;
				COPY_PHASE_STRIP = NO;
				DEBUG_INFORMATION_FORMAT = "dwarf-with-dsym";
				ENABLE_NS_ASSERTIONS = NO;
				ENABLE_STRICT_OBJC_MSGSEND = YES;
				GCC_C_LANGUAGE_STANDARD = gnu11;
				GCC_NO_COMMON_BLOCKS = YES;
				GCC_WARN_64_TO_32_BIT_CONVERSION = YES;
				GCC_WARN_ABOUT_RETURN_TYPE = YES_ERROR;
				GCC_WARN_UNDECLARED_SELECTOR = YES;
				GCC_WARN_UNINITIALIZED_AUTOS = YES_AGGRESSIVE;
				GCC_WARN_UNUSED_FUNCTION = YES;
				GCC_WARN_UNUSED_VARIABLE = YES;
				IPHONEOS_DEPLOYMENT_TARGET = 14.5;
				MTL_ENABLE_DEBUG_INFO = NO;
				MTL_FAST_MATH = YES;
				SDKROOT = iphoneos;
				SWIFT_COMPILATION_MODE = wholemodule;
				SWIFT_OPTIMIZATION_LEVEL = "-O";
				VALIDATE_PRODUCT = YES;
			};
			name = Release;
		};
		3CFF894E26F9C77E00B85220 /* Debug */ = {
			isa = XCBuildConfiguration;
			buildSettings = {
				ASSETCATALOG_COMPILER_APPICON_NAME = AppIcon;
				ASSETCATALOG_COMPILER_GLOBAL_ACCENT_COLOR_NAME = AccentColor;
				CODE_SIGN_STYLE = Automatic;
				DEVELOPMENT_TEAM = SL67DKJLZ6;
				INFOPLIST_FILE = "Egg Timer/Info.plist";
				LD_RUNPATH_SEARCH_PATHS = (
					"$(inherited)",
					"@executable_path/Frameworks",
				);
				PRODUCT_BUNDLE_IDENTIFIER = "com.eetuhernesniemi1990.Egg-Timer";
				PRODUCT_NAME = "$(TARGET_NAME)";
				SWIFT_VERSION = 5.0;
				TARGETED_DEVICE_FAMILY = "1,2";
			};
			name = Debug;
		};
		3CFF894F26F9C77E00B85220 /* Release */ = {
			isa = XCBuildConfiguration;
			buildSettings = {
				ASSETCATALOG_COMPILER_APPICON_NAME = AppIcon;
				ASSETCATALOG_COMPILER_GLOBAL_ACCENT_COLOR_NAME = AccentColor;
				CODE_SIGN_STYLE = Automatic;
				DEVELOPMENT_TEAM = SL67DKJLZ6;
				INFOPLIST_FILE = "Egg Timer/Info.plist";
				LD_RUNPATH_SEARCH_PATHS = (
					"$(inherited)",
					"@executable_path/Frameworks",
				);
				PRODUCT_BUNDLE_IDENTIFIER = "com.eetuhernesniemi1990.Egg-Timer";
				PRODUCT_NAME = "$(TARGET_NAME)";
				SWIFT_VERSION = 5.0;
				TARGETED_DEVICE_FAMILY = "1,2";
			};
			name = Release;
		};
		3CFF895126F9C77E00B85220 /* Debug */ = {
			isa = XCBuildConfiguration;
			buildSettings = {
				ALWAYS_EMBED_SWIFT_STANDARD_LIBRARIES = YES;
				BUNDLE_LOADER = "$(TEST_HOST)";
				CODE_SIGN_STYLE = Automatic;
				DEVELOPMENT_TEAM = SL67DKJLZ6;
				INFOPLIST_FILE = "Egg TimerTests/Info.plist";
				IPHONEOS_DEPLOYMENT_TARGET = 14.5;
				LD_RUNPATH_SEARCH_PATHS = (
					"$(inherited)",
					"@executable_path/Frameworks",
					"@loader_path/Frameworks",
				);
				PRODUCT_BUNDLE_IDENTIFIER = "com.eetuhernesniemi1990.Egg-TimerTests";
				PRODUCT_NAME = "$(TARGET_NAME)";
				SWIFT_VERSION = 5.0;
				TARGETED_DEVICE_FAMILY = "1,2";
				TEST_HOST = "$(BUILT_PRODUCTS_DIR)/Egg Timer.app/Egg Timer";
			};
			name = Debug;
		};
		3CFF895226F9C77E00B85220 /* Release */ = {
			isa = XCBuildConfiguration;
			buildSettings = {
				ALWAYS_EMBED_SWIFT_STANDARD_LIBRARIES = YES;
				BUNDLE_LOADER = "$(TEST_HOST)";
				CODE_SIGN_STYLE = Automatic;
				DEVELOPMENT_TEAM = SL67DKJLZ6;
				INFOPLIST_FILE = "Egg TimerTests/Info.plist";
				IPHONEOS_DEPLOYMENT_TARGET = 14.5;
				LD_RUNPATH_SEARCH_PATHS = (
					"$(inherited)",
					"@executable_path/Frameworks",
					"@loader_path/Frameworks",
				);
				PRODUCT_BUNDLE_IDENTIFIER = "com.eetuhernesniemi1990.Egg-TimerTests";
				PRODUCT_NAME = "$(TARGET_NAME)";
				SWIFT_VERSION = 5.0;
				TARGETED_DEVICE_FAMILY = "1,2";
				TEST_HOST = "$(BUILT_PRODUCTS_DIR)/Egg Timer.app/Egg Timer";
			};
			name = Release;
		};
		3CFF895426F9C77E00B85220 /* Debug */ = {
			isa = XCBuildConfiguration;
			buildSettings = {
				ALWAYS_EMBED_SWIFT_STANDARD_LIBRARIES = YES;
				CODE_SIGN_STYLE = Automatic;
				DEVELOPMENT_TEAM = SL67DKJLZ6;
				INFOPLIST_FILE = "Egg TimerUITests/Info.plist";
				LD_RUNPATH_SEARCH_PATHS = (
					"$(inherited)",
					"@executable_path/Frameworks",
					"@loader_path/Frameworks",
				);
				PRODUCT_BUNDLE_IDENTIFIER = "com.eetuhernesniemi1990.Egg-TimerUITests";
				PRODUCT_NAME = "$(TARGET_NAME)";
				SWIFT_VERSION = 5.0;
				TARGETED_DEVICE_FAMILY = "1,2";
				TEST_TARGET_NAME = "Egg Timer";
			};
			name = Debug;
		};
		3CFF895526F9C77E00B85220 /* Release */ = {
			isa = XCBuildConfiguration;
			buildSettings = {
				ALWAYS_EMBED_SWIFT_STANDARD_LIBRARIES = YES;
				CODE_SIGN_STYLE = Automatic;
				DEVELOPMENT_TEAM = SL67DKJLZ6;
				INFOPLIST_FILE = "Egg TimerUITests/Info.plist";
				LD_RUNPATH_SEARCH_PATHS = (
					"$(inherited)",
					"@executable_path/Frameworks",
					"@loader_path/Frameworks",
				);
				PRODUCT_BUNDLE_IDENTIFIER = "com.eetuhernesniemi1990.Egg-TimerUITests";
				PRODUCT_NAME = "$(TARGET_NAME)";
				SWIFT_VERSION = 5.0;
				TARGETED_DEVICE_FAMILY = "1,2";
				TEST_TARGET_NAME = "Egg Timer";
			};
			name = Release;
		};
/* End XCBuildConfiguration section */

/* Begin XCConfigurationList section */
		3CFF891E26F9C77C00B85220 /* Build configuration list for PBXProject "Egg Timer" */ = {
			isa = XCConfigurationList;
			buildConfigurations = (
				3CFF894B26F9C77E00B85220 /* Debug */,
				3CFF894C26F9C77E00B85220 /* Release */,
			);
			defaultConfigurationIsVisible = 0;
			defaultConfigurationName = Release;
		};
		3CFF894D26F9C77E00B85220 /* Build configuration list for PBXNativeTarget "Egg Timer" */ = {
			isa = XCConfigurationList;
			buildConfigurations = (
				3CFF894E26F9C77E00B85220 /* Debug */,
				3CFF894F26F9C77E00B85220 /* Release */,
			);
			defaultConfigurationIsVisible = 0;
			defaultConfigurationName = Release;
		};
		3CFF895026F9C77E00B85220 /* Build configuration list for PBXNativeTarget "Egg TimerTests" */ = {
			isa = XCConfigurationList;
			buildConfigurations = (
				3CFF895126F9C77E00B85220 /* Debug */,
				3CFF895226F9C77E00B85220 /* Release */,
			);
			defaultConfigurationIsVisible = 0;
			defaultConfigurationName = Release;
		};
		3CFF895326F9C77E00B85220 /* Build configuration list for PBXNativeTarget "Egg TimerUITests" */ = {
			isa = XCConfigurationList;
			buildConfigurations = (
				3CFF895426F9C77E00B85220 /* Debug */,
				3CFF895526F9C77E00B85220 /* Release */,
			);
			defaultConfigurationIsVisible = 0;
			defaultConfigurationName = Release;
		};
/* End XCConfigurationList section */
	};
	rootObject = 3CFF891B26F9C77C00B85220 /* Project object */;
}
